
Microsoft Visual Studio Solution File, Format Version 12.00
# Visual Studio Version 16
VisualStudioVersion = 16.0.810.11
MinimumVisualStudioVersion = 10.0.40219.1
Project("{FAE04EC0-301F-11D3-BF4B-00C04F79EFBC}") = "MusicRecommender", "MusicRecommender\MusicRecommender.csproj", "{1221E36C-1AA8-49DE-9187-EC1475A170B5}"
EndProject
Global
	GlobalSection(SolutionConfigurationPlatforms) = preSolution
		Debug|Any CPU = Debug|Any CPU
		Release|Any CPU = Release|Any CPU
	EndGlobalSection
	GlobalSection(ProjectConfigurationPlatforms) = postSolution
		{1221E36C-1AA8-49DE-9187-EC1475A170B5}.Debug|Any CPU.ActiveCfg = Debug|Any CPU
		{1221E36C-1AA8-49DE-9187-EC1475A170B5}.Debug|Any CPU.Build.0 = Debug|Any CPU
		{1221E36C-1AA8-49DE-9187-EC1475A170B5}.Release|Any CPU.ActiveCfg = Release|Any CPU
		{1221E36C-1AA8-49DE-9187-EC1475A170B5}.Release|Any CPU.Build.0 = Release|Any CPU
	EndGlobalSection
	GlobalSection(SolutionProperties) = preSolution
		HideSolutionNode = FALSE
	EndGlobalSection
	GlobalSection(ExtensibilityGlobals) = postSolution
		SolutionGuid = {4CF40B0B-C35E-4006-AC7A-9E0C54A54416}
	EndGlobalSection
EndGlobal
